
Microsoft Visual Studio Solution File, Format Version 12.00
# Visual Studio Version 17
VisualStudioVersion = 17.12.35527.113
MinimumVisualStudioVersion = 10.0.40219.1
Project("{C9674DCB-5085-4A16-B785-4C70DD1589BD}") = "Park_SSIS", "Park_SSIS\Park_SSIS.dtproj", "{23E29A08-B105-4509-9308-DB31D5F809A2}"
EndProject
Project("{D2ABAB84-BF74-430A-B69E-9DC6D40DDA17}") = "Multidimensional_PARK", "Multidimensional_PARK\Multidimensional_PARK.dwproj", "{8D5ABAEB-F594-42F3-801C-58D68BA5AA60}"
EndProject
Global
	GlobalSection(SolutionConfigurationPlatforms) = preSolution
		Development|Default = Development|Default
	EndGlobalSection
	GlobalSection(ProjectConfigurationPlatforms) = postSolution
		{23E29A08-B105-4509-9308-DB31D5F809A2}.Development|Default.ActiveCfg = Development
		{23E29A08-B105-4509-9308-DB31D5F809A2}.Development|Default.Build.0 = Development
		{8D5ABAEB-F594-42F3-801C-58D68BA5AA60}.Development|Default.ActiveCfg = Development
		{8D5ABAEB-F594-42F3-801C-58D68BA5AA60}.Development|Default.Build.0 = Development
		{8D5ABAEB-F594-42F3-801C-58D68BA5AA60}.Development|Default.Deploy.0 = Development
	EndGlobalSection
	GlobalSection(SolutionProperties) = preSolution
		HideSolutionNode = FALSE
	EndGlobalSection
EndGlobal
